
Microsoft Visual Studio Solution File, Format Version 12.00
# Visual Studio Version 16
VisualStudioVersion = 16.0.30717.126
MinimumVisualStudioVersion = 10.0.40219.1
Project("{FAE04EC0-301F-11D3-BF4B-00C04F79EFBC}") = "App1", "App1\App1.csproj", "{F4E0D08C-2C27-45BD-8DD4-AE2C23A4AE9A}"
EndProject
Global
	GlobalSection(SolutionConfigurationPlatforms) = preSolution
		Debug|Any CPU = Debug|Any CPU
		Release|Any CPU = Release|Any CPU
	EndGlobalSection
	GlobalSection(ProjectConfigurationPlatforms) = postSolution
		{F4E0D08C-2C27-45BD-8DD4-AE2C23A4AE9A}.Debug|Any CPU.ActiveCfg = Debug|Any CPU
		{F4E0D08C-2C27-45BD-8DD4-AE2C23A4AE9A}.Debug|Any CPU.Build.0 = Debug|Any CPU
		{F4E0D08C-2C27-45BD-8DD4-AE2C23A4AE9A}.Release|Any CPU.ActiveCfg = Release|Any CPU
		{F4E0D08C-2C27-45BD-8DD4-AE2C23A4AE9A}.Release|Any CPU.Build.0 = Release|Any CPU
	EndGlobalSection
	GlobalSection(SolutionProperties) = preSolution
		HideSolutionNode = FALSE
	EndGlobalSection
	GlobalSection(ExtensibilityGlobals) = postSolution
		SolutionGuid = {5FA93788-428C-4937-9535-1653F42D75BA}
	EndGlobalSection
EndGlobal
